<?xml version="1.0" encoding="UTF-8" standalone="yes" ?>
<CodeBlocks_project_file>
	<FileVersion major="1" minor="6" />
	<Project>
		<Option title="clear_sky_models" />
		<Option pch_mode="2" />
		<Option compiler="gcc" />
		<Build>
			<Target title="Debug">
				<Option output="output/Debug/clear_sky_models" prefix_auto="1" extension_auto="1" />
				<Option object_output="output/Debug/" />
				<Option type="1" />
				<Option compiler="gcc" />
				<Option parameters="/usr/local/bin/uvspec /usr/local/share/libRadtran/data" />
				<Compiler>
					<Add option="-g" />
				</Compiler>
			</Target>
			<Target title="Release">
				<Option output="output/Release/clear_sky_models" prefix_auto="1" extension_auto="1" />
				<Option object_output="output/Release/" />
				<Option type="1" />
				<Option compiler="gcc" />
				<Option parameters="/usr/local/bin/uvspec /usr/local/share/libRadtran/data" />
				<Compiler>
					<Add option="-fexpensive-optimizations" />
					<Add option="-O3" />
					<Add option="-DNDEBUG" />
				</Compiler>
				<Linker>
					<Add option="-s" />
				</Linker>
			</Target>
			<Target title="Test">
				<Option output="output/Debug/clear_sky_models_test" prefix_auto="1" extension_auto="1" />
				<Option object_output="output/Debug/" />
				<Option type="1" />
				<Option compiler="gcc" />
				<Compiler>
					<Add option="-g" />
				</Compiler>
			</Target>
		</Build>
		<Compiler>
			<Add option="-Wmain" />
			<Add option="-pedantic-errors" />
			<Add option="-pedantic" />
			<Add option="-Wall" />
			<Add option="-std=c++11" />
			<Add directory="external/dimensional_types" />
			<Add directory="external/minpng" />
		</Compiler>
		<Linker>
			<Add option="-pthread" />
		</Linker>
		<Unit filename="Makefile" />
		<Unit filename="atmosphere/atmosphere.cc" />
		<Unit filename="atmosphere/atmosphere.h" />
		<Unit filename="atmosphere/atmosphere_test.cc">
			<Option target="Test" />
		</Unit>
		<Unit filename="atmosphere/color.cc" />
		<Unit filename="atmosphere/color.h" />
		<Unit filename="atmosphere/comparisons.cc" />
		<Unit filename="atmosphere/comparisons.h" />
		<Unit filename="atmosphere/hemispherical_function.h" />
		<Unit filename="atmosphere/hemispherical_function_test.cc">
			<Option target="Test" />
		</Unit>
		<Unit filename="atmosphere/measurement/measured_atmosphere.cc" />
		<Unit filename="atmosphere/measurement/measured_atmosphere.h" />
		<Unit filename="atmosphere/measurement/measured_atmosphere_test.cc">
			<Option target="Test" />
		</Unit>
		<Unit filename="atmosphere/measurement/measured_atmospheres.cc" />
		<Unit filename="atmosphere/measurement/measured_atmospheres.h" />
		<Unit filename="atmosphere/model/bruneton/bruneton.cc" />
		<Unit filename="atmosphere/model/bruneton/bruneton.h" />
		<Unit filename="atmosphere/model/bruneton/core.cc" />
		<Unit filename="atmosphere/model/bruneton/core.h" />
		<Unit filename="atmosphere/model/bruneton/core.inl" />
		<Unit filename="atmosphere/model/haber/haber.cc" />
		<Unit filename="atmosphere/model/haber/haber.h" />
		<Unit filename="atmosphere/model/hosek/ArHosekSkyModel.cc" />
		<Unit filename="atmosphere/model/hosek/ArHosekSkyModel.h" />
		<Unit filename="atmosphere/model/hosek/ArHosekSkyModelData_CIEXYZ.h" />
		<Unit filename="atmosphere/model/hosek/ArHosekSkyModelData_RGB.h" />
		<Unit filename="atmosphere/model/hosek/ArHosekSkyModelData_Spectral.h" />
		<Unit filename="atmosphere/model/hosek/hosek.cc" />
		<Unit filename="atmosphere/model/hosek/hosek.h" />
		<Unit filename="atmosphere/model/libradtran/libradtran.cc" />
		<Unit filename="atmosphere/model/libradtran/libradtran.h" />
		<Unit filename="atmosphere/model/nishita/nishita93.cc" />
		<Unit filename="atmosphere/model/nishita/nishita93.h" />
		<Unit filename="atmosphere/model/nishita/nishita96.cc" />
		<Unit filename="atmosphere/model/nishita/nishita96.h" />
		<Unit filename="atmosphere/model/oneal/oneal.cc" />
		<Unit filename="atmosphere/model/oneal/oneal.h" />
		<Unit filename="atmosphere/model/polradtran/polradtran.cc" />
		<Unit filename="atmosphere/model/polradtran/polradtran.h" />
		<Unit filename="atmosphere/model/preetham/preetham.cc" />
		<Unit filename="atmosphere/model/preetham/preetham.h" />
		<Unit filename="atmosphere/sun_direction.cc" />
		<Unit filename="atmosphere/sun_direction.h" />
		<Unit filename="external/dimensional_types/math/angle.h" />
		<Unit filename="external/dimensional_types/math/binary_function.h" />
		<Unit filename="external/dimensional_types/math/function.h" />
		<Unit filename="external/dimensional_types/math/matrix.h" />
		<Unit filename="external/dimensional_types/math/scalar.h" />
		<Unit filename="external/dimensional_types/math/scalar_function.h" />
		<Unit filename="external/dimensional_types/math/ternary_function.h" />
		<Unit filename="external/dimensional_types/math/vector.h" />
		<Unit filename="external/dimensional_types/test/test_case.h" />
		<Unit filename="external/dimensional_types/test/test_main.cc">
			<Option target="Test" />
		</Unit>
		<Unit filename="external/minpng/minpng.h">
			<Option target="Debug" />
			<Option target="Release" />
		</Unit>
		<Unit filename="main.cc">
			<Option target="Release" />
			<Option target="Debug" />
		</Unit>
		<Unit filename="physics/cie.cc" />
		<Unit filename="physics/cie.h" />
		<Unit filename="physics/cie_test.cc">
			<Option target="Test" />
		</Unit>
		<Unit filename="physics/units.h" />
		<Extensions>
			<code_completion />
			<envvars />
			<debugger />
		</Extensions>
	</Project>
</CodeBlocks_project_file>
